
Microsoft Visual Studio Solution File, Format Version 12.00
# Visual Studio 15
VisualStudioVersion = 15.0.28307.779
MinimumVisualStudioVersion = 10.0.40219.1
Project("{FAE04EC0-301F-11D3-BF4B-00C04F79EFBC}") = "WindowsFormsApptestcoffee", "WindowsFormsApptestcoffee\WindowsFormsApptestcoffee.csproj", "{7E6DC6A1-937B-47FA-90D3-8CB65A30687C}"
EndProject
Global
	GlobalSection(SolutionConfigurationPlatforms) = preSolution
		Debug|Any CPU = Debug|Any CPU
		Release|Any CPU = Release|Any CPU
	EndGlobalSection
	GlobalSection(ProjectConfigurationPlatforms) = postSolution
		{7E6DC6A1-937B-47FA-90D3-8CB65A30687C}.Debug|Any CPU.ActiveCfg = Debug|Any CPU
		{7E6DC6A1-937B-47FA-90D3-8CB65A30687C}.Debug|Any CPU.Build.0 = Debug|Any CPU
		{7E6DC6A1-937B-47FA-90D3-8CB65A30687C}.Release|Any CPU.ActiveCfg = Release|Any CPU
		{7E6DC6A1-937B-47FA-90D3-8CB65A30687C}.Release|Any CPU.Build.0 = Release|Any CPU
	EndGlobalSection
	GlobalSection(SolutionProperties) = preSolution
		HideSolutionNode = FALSE
	EndGlobalSection
	GlobalSection(ExtensibilityGlobals) = postSolution
		SolutionGuid = {CDBB14C7-1C92-431A-84A4-B32BDF4513E6}
	EndGlobalSection
EndGlobal
