
Microsoft Visual Studio Solution File, Format Version 12.00
# Visual Studio 15
VisualStudioVersion = 15.0.28307.572
MinimumVisualStudioVersion = 10.0.40219.1
Project("{FAE04EC0-301F-11D3-BF4B-00C04F79EFBC}") = "studentinformationapp", "studentinformationapp\studentinformationapp.csproj", "{51B0A849-AF4A-4CCB-97F0-DB0D95473C79}"
EndProject
Global
	GlobalSection(SolutionConfigurationPlatforms) = preSolution
		Debug|Any CPU = Debug|Any CPU
		Release|Any CPU = Release|Any CPU
	EndGlobalSection
	GlobalSection(ProjectConfigurationPlatforms) = postSolution
		{51B0A849-AF4A-4CCB-97F0-DB0D95473C79}.Debug|Any CPU.ActiveCfg = Debug|Any CPU
		{51B0A849-AF4A-4CCB-97F0-DB0D95473C79}.Debug|Any CPU.Build.0 = Debug|Any CPU
		{51B0A849-AF4A-4CCB-97F0-DB0D95473C79}.Release|Any CPU.ActiveCfg = Release|Any CPU
		{51B0A849-AF4A-4CCB-97F0-DB0D95473C79}.Release|Any CPU.Build.0 = Release|Any CPU
	EndGlobalSection
	GlobalSection(SolutionProperties) = preSolution
		HideSolutionNode = FALSE
	EndGlobalSection
	GlobalSection(ExtensibilityGlobals) = postSolution
		SolutionGuid = {8F610B24-0E6B-4257-8C3C-0EF177728E10}
	EndGlobalSection
EndGlobal
